lockfileVersion: '6.0'

settings:
  autoInstallPeers: true
  excludeLinksFromLockfile: false

dependencies:
  langchain:
    specifier: ^1.4.2
    version: 1.4.2(@langchain/core@1.1.48)(openai@6.39.0)
  openai:
    specifier: ^6.39.0
    version: 6.39.0(zod@4.4.3)
  rc:
    specifier: ^1.2.8
    version: 1.2.8
  tiktoken:
    specifier: ^1.0.8
    version: 1.0.8

packages:

  /@cfworker/json-schema@4.1.1:
    resolution: {integrity: sha512-gAmrUZSGtKc3AiBL71iNWxDsyUC5uMaKKGdvzYsBoTW/xi42JQHl7eKV2OYzCUqvc+D2RCcf7EXY2iCyFIk6og==}
    dev: false

  /@langchain/core@1.1.48(openai@6.39.0):
    resolution: {integrity: sha512-fQU6Guyb1pwc2fEplmA8FPbKfOMAofjnyJzExevro0FxEiuGHE18Ov/ZHmT9trWCDTZRI9eW1VIc6aChxV8pAQ==}
    engines: {node: '>=20'}
    dependencies:
      '@cfworker/json-schema': 4.1.1
      '@standard-schema/spec': 1.1.0
      js-tiktoken: 1.0.21
      langsmith: 0.7.2(openai@6.39.0)
      mustache: 4.2.0
      p-queue: 6.6.2
      zod: 4.4.3
    transitivePeerDependencies:
      - '@opentelemetry/api'
      - '@opentelemetry/exporter-trace-otlp-proto'
      - '@opentelemetry/sdk-trace-base'
      - openai
      - ws
    dev: false

  /@langchain/langgraph-checkpoint@1.0.2(@langchain/core@1.1.48):
    resolution: {integrity: sha512-F4E5Tr0nt8FGghgdscJtHw+ABzChOHeI80R7Y1pjIHdiJom6c2ieo76vL+FWiny80JmoGqhrVAEIWrw0cXKPxg==}
    engines: {node: '>=18'}
    peerDependencies:
      '@langchain/core': ^1.1.44
    dependencies:
      '@langchain/core': 1.1.48(openai@6.39.0)
      uuid: 10.0.0
    dev: false

  /@langchain/langgraph-sdk@1.9.5(@langchain/core@1.1.48):
    resolution: {integrity: sha512-NMcz1rEKuVz07ZqcSzNJZCZR9FppRNh+/YWjCKtwZ7a/WNytDEAh26qXTtmDQZ7+J+1nEXhHym1wZDrOxA99wg==}
    peerDependencies:
      '@langchain/core': ^1.1.44
      react: ^18 || ^19
      react-dom: ^18 || ^19
      svelte: ^4.0.0 || ^5.0.0
      vue: ^3.0.0
    peerDependenciesMeta:
      react:
        optional: true
      react-dom:
        optional: true
      svelte:
        optional: true
      vue:
        optional: true
    dependencies:
      '@langchain/core': 1.1.48(openai@6.39.0)
      '@langchain/protocol': 0.0.15
      '@types/json-schema': 7.0.15
      p-queue: 9.3.0
      p-retry: 7.1.1
      uuid: 13.0.2
    dev: false

  /@langchain/langgraph@1.3.2(@langchain/core@1.1.48)(zod@4.4.3):
    resolution: {integrity: sha512-SL7Ktsr681R7da+1b2MVOWEbaCoFJOXEJPTGOjg4JIG4C7quWbTYC8DzxhcCxte6D/8cGp0rYDBnbKLXEpNqlA==}
    engines: {node: '>=18'}
    peerDependencies:
      '@langchain/core': ^1.1.44
      zod: ^3.25.32 || ^4.2.0
      zod-to-json-schema: ^3.x
    peerDependenciesMeta:
      zod-to-json-schema:
        optional: true
    dependencies:
      '@langchain/core': 1.1.48(openai@6.39.0)
      '@langchain/langgraph-checkpoint': 1.0.2(@langchain/core@1.1.48)
      '@langchain/langgraph-sdk': 1.9.5(@langchain/core@1.1.48)
      '@langchain/protocol': 0.0.15
      '@standard-schema/spec': 1.1.0
      uuid: 10.0.0
      zod: 4.4.3
    transitivePeerDependencies:
      - react
      - react-dom
      - svelte
      - vue
    dev: false

  /@langchain/protocol@0.0.15:
    resolution: {integrity: sha512-MllvbpMjqHevUm+v94M422mH7XKN+wGCvJRBVROTWBotEDOATYB4Ktk2UheYP859y9o2LlhtPek5t1T9eyfAbQ==}
    dev: false

  /@standard-schema/spec@1.1.0:
    resolution: {integrity: sha512-l2aFy5jALhniG5HgqrD6jXLi/rUWrKvqN/qJx6yoJsgKhblVd+iqqU4RCXavm/jPityDo5TCvKMnpjKnOriy0w==}
    dev: false

  /@types/json-schema@7.0.15:
    resolution: {integrity: sha512-5+fP8P8MFNC+AyZCDxrB2pkZFPGzqQWUzpSeuuVLvm8VMcorNYavBqoFcxK8bQz4Qsbn4oUEEem4wDLfcysGHA==}
    dev: false

  /base64-js@1.5.1:
    resolution: {integrity: sha512-AKpaYlHn8t4SVbOHCy+b5+KKgvR4vrsD8vbvrbiQJps7fKDTkjkDry6ji0rUJjC0kzbNePLwzxq8iypo41qeWA==}
    dev: false

  /deep-extend@0.6.0:
    resolution: {integrity: sha512-LOHxIOaPYdHlJRtCQfDIVZtfw/ufM8+rVj649RIHzcm/vGwQRXFt6OPqIFWsm2XEMrNIEtWR64sY1LEKD2vAOA==}
    engines: {node: '>=4.0.0'}
    dev: false

  /eventemitter3@4.0.7:
    resolution: {integrity: sha512-8guHBZCwKnFhYdHr2ysuRWErTwhoN2X8XELRlrRwpmfeY2jjuUN4taQMsULKUVo1K4DvZl+0pgfyoysHxvmvEw==}
    dev: false

  /eventemitter3@5.0.4:
    resolution: {integrity: sha512-mlsTRyGaPBjPedk6Bvw+aqbsXDtoAyAzm5MO7JgU+yVRyMQ5O8bD4Kcci7BS85f93veegeCPkL8R4GLClnjLFw==}
    dev: false

  /ini@1.3.8:
    resolution: {integrity: sha512-JV/yugV2uzW5iMRSiZAyDtQd+nxtUnjeLt0acNdw98kKLrvuRVyB80tsREOE7yvGVgalhZ6RNXCmEHkUKBKxew==}
    dev: false

  /is-network-error@1.3.2:
    resolution: {integrity: sha512-PhBY86zaxNZUuWP6h13Vu5oFe0XY6/UlKzQnYFELzGVHygP3MxmvTfYSG7GN3aIab/iWudSMgjSnG9Dq+nHrgA==}
    engines: {node: '>=16'}
    dev: false

  /js-tiktoken@1.0.21:
    resolution: {integrity: sha512-biOj/6M5qdgx5TKjDnFT1ymSpM5tbd3ylwDtrQvFQSu0Z7bBYko2dF+W/aUkXUPuk6IVpRxk/3Q2sHOzGlS36g==}
    dependencies:
      base64-js: 1.5.1
    dev: false

  /langchain@1.4.2(@langchain/core@1.1.48)(openai@6.39.0):
    resolution: {integrity: sha512-SLGipy0r4nqQD0aiUOBYLMeGFfB/QiYnMndfZ8sGN89vXDCIXbYqcE7G/4QDDX3nZsM7/emQpoScmlxEX6sDnQ==}
    engines: {node: '>=20'}
    peerDependencies:
      '@langchain/core': ^1.1.48
    dependencies:
      '@langchain/core': 1.1.48(openai@6.39.0)
      '@langchain/langgraph': 1.3.2(@langchain/core@1.1.48)(zod@4.4.3)
      '@langchain/langgraph-checkpoint': 1.0.2(@langchain/core@1.1.48)
      langsmith: 0.7.2(openai@6.39.0)
      zod: 4.4.3
    transitivePeerDependencies:
      - '@opentelemetry/api'
      - '@opentelemetry/exporter-trace-otlp-proto'
      - '@opentelemetry/sdk-trace-base'
      - openai
      - react
      - react-dom
      - svelte
      - vue
      - ws
      - zod-to-json-schema
    dev: false

  /langsmith@0.7.2(openai@6.39.0):
    resolution: {integrity: sha512-3dZUwQDJluxi2ih5eIygFODtlrQKrs3Tua0Ck3l+DAUkSGFkB1Dc0JPqkGbqiVSN+TQDElnkev/ydAOAz6jndA==}
    peerDependencies:
      '@opentelemetry/api': '*'
      '@opentelemetry/exporter-trace-otlp-proto': '*'
      '@opentelemetry/sdk-trace-base': '*'
      openai: '*'
      ws: '>=7'
    peerDependenciesMeta:
      '@opentelemetry/api':
        optional: true
      '@opentelemetry/exporter-trace-otlp-proto':
        optional: true
      '@opentelemetry/sdk-trace-base':
        optional: true
      openai:
        optional: true
      ws:
        optional: true
    dependencies:
      openai: 6.39.0(zod@4.4.3)
      p-queue: 6.6.2
    dev: false

  /minimist@1.2.8:
    resolution: {integrity: sha512-2yyAR8qBkN3YuheJanUpWC5U3bb5osDywNB8RzDVlDwDHbocAJveqqj1u8+SVD7jkWT4yvsHCpWqqWqAxb0zCA==}
    dev: false

  /mustache@4.2.0:
    resolution: {integrity: sha512-71ippSywq5Yb7/tVYyGbkBggbU8H3u5Rz56fH60jGFgr8uHwxs+aSKeqmluIVzM0m0kB7xQjKS6qPfd0b2ZoqQ==}
    hasBin: true
    dev: false

  /openai@6.39.0(zod@4.4.3):
    resolution: {integrity: sha512-O61LIsimY3acVabwvomwFhwrnN36yvHY2quIfy9keEcFytGgWeV35yLHQ6NVMLSBxRpHmcg2yuhCnlu2HT4pLQ==}
    hasBin: true
    peerDependencies:
      ws: ^8.18.0
      zod: ^3.25 || ^4.0
    peerDependenciesMeta:
      ws:
        optional: true
      zod:
        optional: true
    dependencies:
      zod: 4.4.3
    dev: false

  /p-finally@1.0.0:
    resolution: {integrity: sha512-LICb2p9CB7FS+0eR1oqWnHhp0FljGLZCWBE9aix0Uye9W8LTQPwMTYVGWQWIw9RdQiDg4+epXQODwIYJtSJaow==}
    engines: {node: '>=4'}
    dev: false

  /p-queue@6.6.2:
    resolution: {integrity: sha512-RwFpb72c/BhQLEXIZ5K2e+AhgNVmIejGlTgiB9MzZ0e93GRvqZ7uSi0dvRF7/XIXDeNkra2fNHBxTyPDGySpjQ==}
    engines: {node: '>=8'}
    dependencies:
      eventemitter3: 4.0.7
      p-timeout: 3.2.0
    dev: false

  /p-queue@9.3.0:
    resolution: {integrity: sha512-7NED7xhQ74Ngp4JP/2e0VZHp7vSWfJfqeiR92jPgxsz6m0Se4P03YoTKa9dDXyZ3r6P616gUXttrB6nnHYKang==}
    engines: {node: '>=20'}
    dependencies:
      eventemitter3: 5.0.4
      p-timeout: 7.0.1
    dev: false

  /p-retry@7.1.1:
    resolution: {integrity: sha512-J5ApzjyRkkf601HpEeykoiCvzHQjWxPAHhyjFcEUP2SWq0+35NKh8TLhpLw+Dkq5TZBFvUM6UigdE9hIVYTl5w==}
    engines: {node: '>=20'}
    dependencies:
      is-network-error: 1.3.2
    dev: false

  /p-timeout@3.2.0:
    resolution: {integrity: sha512-rhIwUycgwwKcP9yTOOFK/AKsAopjjCakVqLHePO3CC6Mir1Z99xT+R63jZxAT5lFZLa2inS5h+ZS2GvR99/FBg==}
    engines: {node: '>=8'}
    dependencies:
      p-finally: 1.0.0
    dev: false

  /p-timeout@7.0.1:
    resolution: {integrity: sha512-AxTM2wDGORHGEkPCt8yqxOTMgpfbEHqF51f/5fJCmwFC3C/zNcGT63SymH2ttOAaiIws2zVg4+izQCjrakcwHg==}
    engines: {node: '>=20'}
    dev: false

  /rc@1.2.8:
    resolution: {integrity: sha512-y3bGgqKj3QBdxLbLkomlohkvsA8gdAiUQlSBJnBhfn+BPxg4bc62d8TcBW15wavDfgexCgccckhcZvywyQYPOw==}
    hasBin: true
    dependencies:
      deep-extend: 0.6.0
      ini: 1.3.8
      minimist: 1.2.8
      strip-json-comments: 2.0.1
    dev: false

  /strip-json-comments@2.0.1:
    resolution: {integrity: sha512-4gB8na07fecVVkOI6Rs4e7T6NOTki5EmL7TUduTs6bu3EdnSycntVJ4re8kgZA+wx9IueI2Y11bfbgwtzuE0KQ==}
    engines: {node: '>=0.10.0'}
    dev: false

  /tiktoken@1.0.8:
    resolution: {integrity: sha512-bmATMbOd35gIiEJdmfKau1K6WnEodO78+sPY++WCZOXS19OYM0qas7LaoA/dvGqgg2W3eaTua32RHHnnbLPeNw==}
    dev: false

  /uuid@10.0.0:
    resolution: {integrity: sha512-8XkAphELsDnEGrDxUOHB3RGvXz6TeuYSGEZBOjtTtPm2lwhGBjLgOzLHB63IUWfBpNucQjND6d3AOudO+H3RWQ==}
    deprecated: uuid@10 and below is no longer supported.  For ESM codebases, update to uuid@latest.  For CommonJS codebases, use uuid@11 (but be aware this version will likely be deprecated in 2028).
    hasBin: true
    dev: false

  /uuid@13.0.2:
    resolution: {integrity: sha512-vzi9uRZ926x4XV73S/4qQaTwPXM2JBj6/6lI/byHH1jOpCzb0zDbfytgA9LcN/hzb2l7WQSQnxITOVx5un/wGw==}
    hasBin: true
    dev: false

  /zod@4.4.3:
    resolution: {integrity: sha512-ytENFjIJFl2UwYglde2jchW2Hwm4GJFLDiSXWdTrJQBIN9Fcyp7n4DhxJEiWNAJMV1/BqWfW/kkg71UDcHJyTQ==}
    dev: false
